
Microsoft Visual Studio Solution File, Format Version 12.00
# Visual Studio Version 17
VisualStudioVersion = 17.4.33213.308
MinimumVisualStudioVersion = 10.0.40219.1
Project("{FAE04EC0-301F-11D3-BF4B-00C04F79EFBC}") = "Parcialito2", "Parcialito2\Parcialito2.csproj", "{7CEB09C5-D599-4648-8EB8-6E49599E1EEF}"
EndProject
Global
	GlobalSection(SolutionConfigurationPlatforms) = preSolution
		Debug|Any CPU = Debug|Any CPU
		Release|Any CPU = Release|Any CPU
	EndGlobalSection
	GlobalSection(ProjectConfigurationPlatforms) = postSolution
		{7CEB09C5-D599-4648-8EB8-6E49599E1EEF}.Debug|Any CPU.ActiveCfg = Debug|Any CPU
		{7CEB09C5-D599-4648-8EB8-6E49599E1EEF}.Debug|Any CPU.Build.0 = Debug|Any CPU
		{7CEB09C5-D599-4648-8EB8-6E49599E1EEF}.Release|Any CPU.ActiveCfg = Release|Any CPU
		{7CEB09C5-D599-4648-8EB8-6E49599E1EEF}.Release|Any CPU.Build.0 = Release|Any CPU
	EndGlobalSection
	GlobalSection(SolutionProperties) = preSolution
		HideSolutionNode = FALSE
	EndGlobalSection
	GlobalSection(ExtensibilityGlobals) = postSolution
		SolutionGuid = {5AFAFCDE-C4E6-497F-8EC7-A2E65ED59571}
	EndGlobalSection
EndGlobal
